
Microsoft Visual Studio Solution File, Format Version 12.00
# Visual Studio 15
VisualStudioVersion = 15.0.25807.0
MinimumVisualStudioVersion = 10.0.40219.1
Project("{2150E333-8FDC-42A3-9474-1A3956D46DE8}") = "Engine", "Engine", "{EDDA6F93-030D-4C32-9342-5644B9BEE89F}"
EndProject
Project("{2150E333-8FDC-42A3-9474-1A3956D46DE8}") = "Games", "Games", "{B330097B-2406-4BC6-B83C-904BA22B89EE}"
EndProject
Project("{8BC9CEB8-8B4A-11D0-8D11-00A0C91BC942}") = "UE4", "Intermediate\ProjectFiles\UE4.vcxproj", "{394A90FB-F6D0-47AC-9A51-9A2ECEEB2A0F}"
EndProject
Project("{8BC9CEB8-8B4A-11D0-8D11-00A0C91BC942}") = "TheGreatEscape", "Intermediate\ProjectFiles\TheGreatEscape.vcxproj", "{20F9DB87-60B4-47E5-9C65-CC2244A445BA}"
EndProject
Project("{2150E333-8FDC-42A3-9474-1A3956D46DE8}") = "Visualizers", "Visualizers", "{1D0728A6-4AC1-4F12-A99A-AE16690F3A9A}"
	ProjectSection(SolutionItems) = preProject
		..\..\..\..\..\Program Files\Epic Games\UE_4.21\Engine\Extras\VisualStudioDebugging\UE4.natvis = ..\..\..\..\..\Program Files\Epic Games\UE_4.21\Engine\Extras\VisualStudioDebugging\UE4.natvis
	EndProjectSection
EndProject
Global
	GlobalSection(SolutionConfigurationPlatforms) = preSolution
		DebugGame Editor|HTML5 = DebugGame Editor|HTML5
		DebugGame Editor|Win32 = DebugGame Editor|Win32
		DebugGame Editor|Win64 = DebugGame Editor|Win64
		DebugGame|HTML5 = DebugGame|HTML5
		DebugGame|Win32 = DebugGame|Win32
		DebugGame|Win64 = DebugGame|Win64
		Development Editor|HTML5 = Development Editor|HTML5
		Development Editor|Win32 = Development Editor|Win32
		Development Editor|Win64 = Development Editor|Win64
		Development|HTML5 = Development|HTML5
		Development|Win32 = Development|Win32
		Development|Win64 = Development|Win64
		Shipping|HTML5 = Shipping|HTML5
		Shipping|Win32 = Shipping|Win32
		Shipping|Win64 = Shipping|Win64
	EndGlobalSection
	GlobalSection(ProjectConfigurationPlatforms) = postSolution
		{394A90FB-F6D0-47AC-9A51-9A2ECEEB2A0F}.DebugGame Editor|HTML5.ActiveCfg = BuiltWithUnrealBuildTool|Win32
		{394A90FB-F6D0-47AC-9A51-9A2ECEEB2A0F}.DebugGame Editor|Win32.ActiveCfg = BuiltWithUnrealBuildTool|Win32
		{394A90FB-F6D0-47AC-9A51-9A2ECEEB2A0F}.DebugGame Editor|Win64.ActiveCfg = BuiltWithUnrealBuildTool|Win32
		{394A90FB-F6D0-47AC-9A51-9A2ECEEB2A0F}.DebugGame|HTML5.ActiveCfg = BuiltWithUnrealBuildTool|Win32
		{394A90FB-F6D0-47AC-9A51-9A2ECEEB2A0F}.DebugGame|Win32.ActiveCfg = BuiltWithUnrealBuildTool|Win32
		{394A90FB-F6D0-47AC-9A51-9A2ECEEB2A0F}.DebugGame|Win64.ActiveCfg = BuiltWithUnrealBuildTool|Win32
		{394A90FB-F6D0-47AC-9A51-9A2ECEEB2A0F}.Development Editor|HTML5.ActiveCfg = BuiltWithUnrealBuildTool|Win32
		{394A90FB-F6D0-47AC-9A51-9A2ECEEB2A0F}.Development Editor|Win32.ActiveCfg = BuiltWithUnrealBuildTool|Win32
		{394A90FB-F6D0-47AC-9A51-9A2ECEEB2A0F}.Development Editor|Win64.ActiveCfg = BuiltWithUnrealBuildTool|Win32
		{394A90FB-F6D0-47AC-9A51-9A2ECEEB2A0F}.Development|HTML5.ActiveCfg = BuiltWithUnrealBuildTool|Win32
		{394A90FB-F6D0-47AC-9A51-9A2ECEEB2A0F}.Development|Win32.ActiveCfg = BuiltWithUnrealBuildTool|Win32
		{394A90FB-F6D0-47AC-9A51-9A2ECEEB2A0F}.Development|Win64.ActiveCfg = BuiltWithUnrealBuildTool|Win32
		{394A90FB-F6D0-47AC-9A51-9A2ECEEB2A0F}.Shipping|HTML5.ActiveCfg = BuiltWithUnrealBuildTool|Win32
		{394A90FB-F6D0-47AC-9A51-9A2ECEEB2A0F}.Shipping|Win32.ActiveCfg = BuiltWithUnrealBuildTool|Win32
		{394A90FB-F6D0-47AC-9A51-9A2ECEEB2A0F}.Shipping|Win64.ActiveCfg = BuiltWithUnrealBuildTool|Win32
		{20F9DB87-60B4-47E5-9C65-CC2244A445BA}.DebugGame Editor|HTML5.ActiveCfg = Invalid|Win32
		{20F9DB87-60B4-47E5-9C65-CC2244A445BA}.DebugGame Editor|Win32.ActiveCfg = Invalid|Win32
		{20F9DB87-60B4-47E5-9C65-CC2244A445BA}.DebugGame Editor|Win64.ActiveCfg = DebugGame_Editor|x64
		{20F9DB87-60B4-47E5-9C65-CC2244A445BA}.DebugGame Editor|Win64.Build.0 = DebugGame_Editor|x64
		{20F9DB87-60B4-47E5-9C65-CC2244A445BA}.DebugGame|HTML5.ActiveCfg = HTML5_DebugGame|Win32
		{20F9DB87-60B4-47E5-9C65-CC2244A445BA}.DebugGame|HTML5.Build.0 = HTML5_DebugGame|Win32
		{20F9DB87-60B4-47E5-9C65-CC2244A445BA}.DebugGame|Win32.ActiveCfg = DebugGame|Win32
		{20F9DB87-60B4-47E5-9C65-CC2244A445BA}.DebugGame|Win32.Build.0 = DebugGame|Win32
		{20F9DB87-60B4-47E5-9C65-CC2244A445BA}.DebugGame|Win64.ActiveCfg = DebugGame|x64
		{20F9DB87-60B4-47E5-9C65-CC2244A445BA}.DebugGame|Win64.Build.0 = DebugGame|x64
		{20F9DB87-60B4-47E5-9C65-CC2244A445BA}.Development Editor|HTML5.ActiveCfg = Invalid|Win32
		{20F9DB87-60B4-47E5-9C65-CC2244A445BA}.Development Editor|Win32.ActiveCfg = Invalid|Win32
		{20F9DB87-60B4-47E5-9C65-CC2244A445BA}.Development Editor|Win64.ActiveCfg = Development_Editor|x64
		{20F9DB87-60B4-47E5-9C65-CC2244A445BA}.Development Editor|Win64.Build.0 = Development_Editor|x64
		{20F9DB87-60B4-47E5-9C65-CC2244A445BA}.Development|HTML5.ActiveCfg = HTML5_Development|Win32
		{20F9DB87-60B4-47E5-9C65-CC2244A445BA}.Development|HTML5.Build.0 = HTML5_Development|Win32
		{20F9DB87-60B4-47E5-9C65-CC2244A445BA}.Development|Win32.ActiveCfg = Development|Win32
		{20F9DB87-60B4-47E5-9C65-CC2244A445BA}.Development|Win32.Build.0 = Development|Win32
		{20F9DB87-60B4-47E5-9C65-CC2244A445BA}.Development|Win64.ActiveCfg = Development|x64
		{20F9DB87-60B4-47E5-9C65-CC2244A445BA}.Development|Win64.Build.0 = Development|x64
		{20F9DB87-60B4-47E5-9C65-CC2244A445BA}.Shipping|HTML5.ActiveCfg = HTML5_Shipping|Win32
		{20F9DB87-60B4-47E5-9C65-CC2244A445BA}.Shipping|HTML5.Build.0 = HTML5_Shipping|Win32
		{20F9DB87-60B4-47E5-9C65-CC2244A445BA}.Shipping|Win32.ActiveCfg = Shipping|Win32
		{20F9DB87-60B4-47E5-9C65-CC2244A445BA}.Shipping|Win32.Build.0 = Shipping|Win32
		{20F9DB87-60B4-47E5-9C65-CC2244A445BA}.Shipping|Win64.ActiveCfg = Shipping|x64
		{20F9DB87-60B4-47E5-9C65-CC2244A445BA}.Shipping|Win64.Build.0 = Shipping|x64
	EndGlobalSection
	GlobalSection(SolutionProperties) = preSolution
		HideSolutionNode = FALSE
	EndGlobalSection
	GlobalSection(NestedProjects) = preSolution
		{394A90FB-F6D0-47AC-9A51-9A2ECEEB2A0F} = {EDDA6F93-030D-4C32-9342-5644B9BEE89F}
		{20F9DB87-60B4-47E5-9C65-CC2244A445BA} = {B330097B-2406-4BC6-B83C-904BA22B89EE}
	EndGlobalSection
EndGlobal
